// !$*UTF8*$!
{
	archiveVersion = 1;
	classes = {
	};
	objectVersion = 55;
	objects = {

/* Begin PBXBuildFile section */
		227AF834274948D700650089 /* DJAppApp.swift in Sources */ = {isa = PBXBuildFile; fileRef = 227AF833274948D700650089 /* DJAppApp.swift */; };
		227AF836274948D700650089 /* ContentView.swift in Sources */ = {isa = PBXBuildFile; fileRef = 227AF835274948D700650089 /* ContentView.swift */; };
		227AF838274948DA00650089 /* Assets.xcassets in Resources */ = {isa = PBXBuildFile; fileRef = 227AF837274948DA00650089 /* Assets.xcassets */; };
		227AF83B274948DA00650089 /* Preview Assets.xcassets in Resources */ = {isa = PBXBuildFile; fileRef = 227AF83A274948DA00650089 /* Preview Assets.xcassets */; };
		227AF845274948DA00650089 /* DJAppTests.swift in Sources */ = {isa = PBXBuildFile; fileRef = 227AF844274948DA00650089 /* DJAppTests.swift */; };
		227AF84F274948DA00650089 /* DJAppUITests.swift in Sources */ = {isa = PBXBuildFile; fileRef = 227AF84E274948DA00650089 /* DJAppUITests.swift */; };
		227AF851274948DA00650089 /* DJAppUITestsLaunchTests.swift in Sources */ = {isa = PBXBuildFile; fileRef = 227AF850274948DA00650089 /* DJAppUITestsLaunchTests.swift */; };
/* End PBXBuildFile section */

/* Begin PBXContainerItemProxy section */
		227AF841274948DA00650089 /* PBXContainerItemProxy */ = {
			isa = PBXContainerItemProxy;
			containerPortal = 227AF828274948D700650089 /* Project object */;
			proxyType = 1;
			remoteGlobalIDString = 227AF82F274948D700650089;
			remoteInfo = DJApp;
		};
		227AF84B274948DA00650089 /* PBXContainerItemProxy */ = {
			isa = PBXContainerItemProxy;
			containerPortal = 227AF828274948D700650089 /* Project object */;
			proxyType = 1;
			remoteGlobalIDString = 227AF82F274948D700650089;
			remoteInfo = DJApp;
		};
/* End PBXContainerItemProxy section */

/* Begin PBXFileReference section */
		227AF830274948D700650089 /* DJApp.app */ = {isa = PBXFileReference; explicitFileType = wrapper.application; includeInIndex = 0; path = DJApp.app; sourceTree = BUILT_PRODUCTS_DIR; };
		227AF833274948D700650089 /* DJAppApp.swift */ = {isa = PBXFileReference; lastKnownFileType = sourcecode.swift; path = DJAppApp.swift; sourceTree = "<group>"; };
		227AF835274948D700650089 /* ContentView.swift */ = {isa = PBXFileReference; lastKnownFileType = sourcecode.swift; path = ContentView.swift; sourceTree = "<group>"; };
		227AF837274948DA00650089 /* Assets.xcassets */ = {isa = PBXFileReference; lastKnownFileType = folder.assetcatalog; path = Assets.xcassets; sourceTree = "<group>"; };
		227AF83A274948DA00650089 /* Preview Assets.xcassets */ = {isa = PBXFileReference; lastKnownFileType = folder.assetcatalog; path = "Preview Assets.xcassets"; sourceTree = "<group>"; };
		227AF840274948DA00650089 /* DJAppTests.xctest */ = {isa = PBXFileReference; explicitFileType = wrapper.cfbundle; includeInIndex = 0; path = DJAppTests.xctest; sourceTree = BUILT_PRODUCTS_DIR; };
		227AF844274948DA00650089 /* DJAppTests.swift */ = {isa = PBXFileReference; lastKnownFileType = sourcecode.swift; path = DJAppTests.swift; sourceTree = "<group>"; };
		227AF84A274948DA00650089 /* DJAppUITests.xctest */ = {isa = PBXFileReference; explicitFileType = wrapper.cfbundle; includeInIndex = 0; path = DJAppUITests.xctest; sourceTree = BUILT_PRODUCTS_DIR; };
		227AF84E274948DA00650089 /* DJAppUITests.swift */ = {isa = PBXFileReference; lastKnownFileType = sourcecode.swift; path = DJAppUITests.swift; sourceTree = "<group>"; };
		227AF850274948DA00650089 /* DJAppUITestsLaunchTests.swift */ = {isa = PBXFileReference; lastKnownFileType = sourcecode.swift; path = DJAppUITestsLaunchTests.swift; sourceTree = "<group>"; };
/* End PBXFileReference section */

/* Begin PBXFrameworksBuildPhase section */
		227AF82D274948D700650089 /* Frameworks */ = {
			isa = PBXFrameworksBuildPhase;
			buildActionMask = 2147483647;
			files = (
			);
			runOnlyForDeploymentPostprocessing = 0;
		};
		227AF83D274948DA00650089 /* Frameworks */ = {
			isa = PBXFrameworksBuildPhase;
			buildActionMask = 2147483647;
			files = (
			);
			runOnlyForDeploymentPostprocessing = 0;
		};
		227AF847274948DA00650089 /* Frameworks */ = {
			isa = PBXFrameworksBuildPhase;
			buildActionMask = 2147483647;
			files = (
			);
			runOnlyForDeploymentPostprocessing = 0;
		};
/* End PBXFrameworksBuildPhase section */

/* Begin PBXGroup section */
		227AF827274948D700650089 = {
			isa = PBXGroup;
			children = (
				227AF832274948D700650089 /* DJApp */,
				227AF843274948DA00650089 /* DJAppTests */,
				227AF84D274948DA00650089 /* DJAppUITests */,
				227AF831274948D700650089 /* Products */,
			);
			sourceTree = "<group>";
		};
		227AF831274948D700650089 /* Products */ = {
			isa = PBXGroup;
			children = (
				227AF830274948D700650089 /* DJApp.app */,
				227AF840274948DA00650089 /* DJAppTests.xctest */,
				227AF84A274948DA00650089 /* DJAppUITests.xctest */,
			);
			name = Products;
			sourceTree = "<group>";
		};
		227AF832274948D700650089 /* DJApp */ = {
			isa = PBXGroup;
			children = (
				227AF833274948D700650089 /* DJAppApp.swift */,
				227AF835274948D700650089 /* ContentView.swift */,
				227AF837274948DA00650089 /* Assets.xcassets */,
				227AF839274948DA00650089 /* Preview Content */,
			);
			path = DJApp;
			sourceTree = "<group>";
		};
		227AF839274948DA00650089 /* Preview Content */ = {
			isa = PBXGroup;
			children = (
				227AF83A274948DA00650089 /* Preview Assets.xcassets */,
			);
			path = "Preview Content";
			sourceTree = "<group>";
		};
		227AF843274948DA00650089 /* DJAppTests */ = {
			isa = PBXGroup;
			children = (
				227AF844274948DA00650089 /* DJAppTests.swift */,
			);
			path = DJAppTests;
			sourceTree = "<group>";
		};
		227AF84D274948DA00650089 /* DJAppUITests */ = {
			isa = PBXGroup;
			children = (
				227AF84E274948DA00650089 /* DJAppUITests.swift */,
				227AF850274948DA00650089 /* DJAppUITestsLaunchTests.swift */,
			);
			path = DJAppUITests;
			sourceTree = "<group>";
		};
/* End PBXGroup section */

/* Begin PBXNativeTarget section */
		227AF82F274948D700650089 /* DJApp */ = {
			isa = PBXNativeTarget;
			buildConfigurationList = 227AF854274948DA00650089 /* Build configuration list for PBXNativeTarget "DJApp" */;
			buildPhases = (
				227AF82C274948D700650089 /* Sources */,
				227AF82D274948D700650089 /* Frameworks */,
				227AF82E274948D700650089 /* Resources */,
			);
			buildRules = (
			);
			dependencies = (
			);
			name = DJApp;
			productName = DJApp;
			productReference = 227AF830274948D700650089 /* DJApp.app */;
			productType = "com.apple.product-type.application";
		};
		227AF83F274948DA00650089 /* DJAppTests */ = {
			isa = PBXNativeTarget;
			buildConfigurationList = 227AF857274948DA00650089 /* Build configuration list for PBXNativeTarget "DJAppTests" */;
			buildPhases = (
				227AF83C274948DA00650089 /* Sources */,
				227AF83D274948DA00650089 /* Frameworks */,
				227AF83E274948DA00650089 /* Resources */,
			);
			buildRules = (
			);
			dependencies = (
				227AF842274948DA00650089 /* PBXTargetDependency */,
			);
			name = DJAppTests;
			productName = DJAppTests;
			productReference = 227AF840274948DA00650089 /* DJAppTests.xctest */;
			productType = "com.apple.product-type.bundle.unit-test";
		};
		227AF849274948DA00650089 /* DJAppUITests */ = {
			isa = PBXNativeTarget;
			buildConfigurationList = 227AF85A274948DA00650089 /* Build configuration list for PBXNativeTarget "DJAppUITests" */;
			buildPhases = (
				227AF846274948DA00650089 /* Sources */,
				227AF847274948DA00650089 /* Frameworks */,
				227AF848274948DA00650089 /* Resources */,
			);
			buildRules = (
			);
			dependencies = (
				227AF84C274948DA00650089 /* PBXTargetDependency */,
			);
			name = DJAppUITests;
			productName = DJAppUITests;
			productReference = 227AF84A274948DA00650089 /* DJAppUITests.xctest */;
			productType = "com.apple.product-type.bundle.ui-testing";
		};
/* End PBXNativeTarget section */

/* Begin PBXProject section */
		227AF828274948D700650089 /* Project object */ = {
			isa = PBXProject;
			attributes = {
				BuildIndependentTargetsInParallel = 1;
				LastSwiftUpdateCheck = 1310;
				LastUpgradeCheck = 1310;
				TargetAttributes = {
					227AF82F274948D700650089 = {
						CreatedOnToolsVersion = 13.1;
					};
					227AF83F274948DA00650089 = {
						CreatedOnToolsVersion = 13.1;
						TestTargetID = 227AF82F274948D700650089;
					};
					227AF849274948DA00650089 = {
						CreatedOnToolsVersion = 13.1;
						TestTargetID = 227AF82F274948D700650089;
					};
				};
			};
			buildConfigurationList = 227AF82B274948D700650089 /* Build configuration list for PBXProject "DJApp" */;
			compatibilityVersion = "Xcode 13.0";
			developmentRegion = en;
			hasScannedForEncodings = 0;
			knownRegions = (
				en,
				Base,
			);
			mainGroup = 227AF827274948D700650089;
			productRefGroup = 227AF831274948D700650089 /* Products */;
			projectDirPath = "";
			projectRoot = "";
			targets = (
				227AF82F274948D700650089 /* DJApp */,
				227AF83F274948DA00650089 /* DJAppTests */,
				227AF849274948DA00650089 /* DJAppUITests */,
			);
		};
/* End PBXProject section */

/* Begin PBXResourcesBuildPhase section */
		227AF82E274948D700650089 /* Resources */ = {
			isa = PBXResourcesBuildPhase;
			buildActionMask = 2147483647;
			files = (
				227AF83B274948DA00650089 /* Preview Assets.xcassets in Resources */,
				227AF838274948DA00650089 /* Assets.xcassets in Resources */,
			);
			runOnlyForDeploymentPostprocessing = 0;
		};
		227AF83E274948DA00650089 /* Resources */ = {
			isa = PBXResourcesBuildPhase;
			buildActionMask = 2147483647;
			files = (
			);
			runOnlyForDeploymentPostprocessing = 0;
		};
		227AF848274948DA00650089 /* Resources */ = {
			isa = PBXResourcesBuildPhase;
			buildActionMask = 2147483647;
			files = (
			);
			runOnlyForDeploymentPostprocessing = 0;
		};
/* End PBXResourcesBuildPhase section */

/* Begin PBXSourcesBuildPhase section */
		227AF82C274948D700650089 /* Sources */ = {
			isa = PBXSourcesBuildPhase;
			buildActionMask = 2147483647;
			files = (
				227AF836274948D700650089 /* ContentView.swift in Sources */,
				227AF834274948D700650089 /* DJAppApp.swift in Sources */,
			);
			runOnlyForDeploymentPostprocessing = 0;
		};
		227AF83C274948DA00650089 /* Sources */ = {
			isa = PBXSourcesBuildPhase;
			buildActionMask = 2147483647;
			files = (
				227AF845274948DA00650089 /* DJAppTests.swift in Sources */,
			);
			runOnlyForDeploymentPostprocessing = 0;
		};
		227AF846274948DA00650089 /* Sources */ = {
			isa = PBXSourcesBuildPhase;
			buildActionMask = 2147483647;
			files = (
				227AF851274948DA00650089 /* DJAppUITestsLaunchTests.swift in Sources */,
				227AF84F274948DA00650089 /* DJAppUITests.swift in Sources */,
			);
			runOnlyForDeploymentPostprocessing = 0;
		};
/* End PBXSourcesBuildPhase section */

/* Begin PBXTargetDependency section */
		227AF842274948DA00650089 /* PBXTargetDependency */ = {
			isa = PBXTargetDependency;
			target = 227AF82F274948D700650089 /* DJApp */;
			targetProxy = 227AF841274948DA00650089 /* PBXContainerItemProxy */;
		};
		227AF84C274948DA00650089 /* PBXTargetDependency */ = {
			isa = PBXTargetDependency;
			target = 227AF82F274948D700650089 /* DJApp */;
			targetProxy = 227AF84B274948DA00650089 /* PBXContainerItemProxy */;
		};
/* End PBXTargetDependency section */

/* Begin XCBuildConfiguration section */
		227AF852274948DA00650089 /* Debug */ = {
			isa = XCBuildConfiguration;
			buildSettings = {
				ALWAYS_SEARCH_USER_PATHS = NO;
				CLANG_ANALYZER_NONNULL = YES;
				CLANG_ANALYZER_NUMBER_OBJECT_CONVERSION = YES_AGGRESSIVE;
				CLANG_CXX_LANGUAGE_STANDARD = "gnu++17";
				CLANG_CXX_LIBRARY = "libc++";
				CLANG_ENABLE_MODULES = YES;
				CLANG_ENABLE_OBJC_ARC = YES;
				CLANG_ENABLE_OBJC_WEAK = YES;
				CLANG_WARN_BLOCK_CAPTURE_AUTORELEASING = YES;
				CLANG_WARN_BOOL_CONVERSION = YES;
				CLANG_WARN_COMMA = YES;
				CLANG_WARN_CONSTANT_CONVERSION = YES;
				CLANG_WARN_DEPRECATED_OBJC_IMPLEMENTATIONS = YES;
				CLANG_WARN_DIRECT_OBJC_ISA_USAGE = YES_ERROR;
				CLANG_WARN_DOCUMENTATION_COMMENTS = YES;
				CLANG_WARN_EMPTY_BODY = YES;
				CLANG_WARN_ENUM_CONVERSION = YES;
				CLANG_WARN_INFINITE_RECURSION = YES;
				CLANG_WARN_INT_CONVERSION = YES;
				CLANG_WARN_NON_LITERAL_NULL_CONVERSION = YES;
				CLANG_WARN_OBJC_IMPLICIT_RETAIN_SELF = YES;
				CLANG_WARN_OBJC_LITERAL_CONVERSION = YES;
				CLANG_WARN_OBJC_ROOT_CLASS = YES_ERROR;
				CLANG_WARN_QUOTED_INCLUDE_IN_FRAMEWORK_HEADER = YES;
				CLANG_WARN_RANGE_LOOP_ANALYSIS = YES;
				CLANG_WARN_STRICT_PROTOTYPES = YES;
				CLANG_WARN_SUSPICIOUS_MOVE = YES;
				CLANG_WARN_UNGUARDED_AVAILABILITY = YES_AGGRESSIVE;
				CLANG_WARN_UNREACHABLE_CODE = YES;
				CLANG_WARN__DUPLICATE_METHOD_MATCH = YES;
				COPY_PHASE_STRIP = NO;
				DEBUG_INFORMATION_FORMAT = dwarf;
				ENABLE_STRICT_OBJC_MSGSEND = YES;
				ENABLE_TESTABILITY = YES;
				GCC_C_LANGUAGE_STANDARD = gnu11;
				GCC_DYNAMIC_NO_PIC = NO;
				GCC_NO_COMMON_BLOCKS = YES;
				GCC_OPTIMIZATION_LEVEL = 0;
				GCC_PREPROCESSOR_DEFINITIONS = (
					"DEBUG=1",
					"$(inherited)",
				);
				GCC_WARN_64_TO_32_BIT_CONVERSION = YES;
				GCC_WARN_ABOUT_RETURN_TYPE = YES_ERROR;
				GCC_WARN_UNDECLARED_SELECTOR = YES;
				GCC_WARN_UNINITIALIZED_AUTOS = YES_AGGRESSIVE;
				GCC_WARN_UNUSED_FUNCTION = YES;
				GCC_WARN_UNUSED_VARIABLE = YES;
				IPHONEOS_DEPLOYMENT_TARGET = 15.0;
				MTL_ENABLE_DEBUG_INFO = INCLUDE_SOURCE;
				MTL_FAST_MATH = YES;
				ONLY_ACTIVE_ARCH = YES;
				SDKROOT = iphoneos;
				SWIFT_ACTIVE_COMPILATION_CONDITIONS = DEBUG;
				SWIFT_OPTIMIZATION_LEVEL = "-Onone";
			};
			name = Debug;
		};
		227AF853274948DA00650089 /* Release */ = {
			isa = XCBuildConfiguration;
			buildSettings = {
				ALWAYS_SEARCH_USER_PATHS = NO;
				CLANG_ANALYZER_NONNULL = YES;
				CLANG_ANALYZER_NUMBER_OBJECT_CONVERSION = YES_AGGRESSIVE;
				CLANG_CXX_LANGUAGE_STANDARD = "gnu++17";
				CLANG_CXX_LIBRARY = "libc++";
				CLANG_ENABLE_MODULES = YES;
				CLANG_ENABLE_OBJC_ARC = YES;
				CLANG_ENABLE_OBJC_WEAK = YES;
				CLANG_WARN_BLOCK_CAPTURE_AUTORELEASING = YES;
				CLANG_WARN_BOOL_CONVERSION = YES;
				CLANG_WARN_COMMA = YES;
				CLANG_WARN_CONSTANT_CONVERSION = YES;
				CLANG_WARN_DEPRECATED_OBJC_IMPLEMENTATIONS = YES;
				CLANG_WARN_DIRECT_OBJC_ISA_USAGE = YES_ERROR;
				CLANG_WARN_DOCUMENTATION_COMMENTS = YES;
				CLANG_WARN_EMPTY_BODY = YES;
				CLANG_WARN_ENUM_CONVERSION = YES;
				CLANG_WARN_INFINITE_RECURSION = YES;
				CLANG_WARN_INT_CONVERSION = YES;
				CLANG_WARN_NON_LITERAL_NULL_CONVERSION = YES;
				CLANG_WARN_OBJC_IMPLICIT_RETAIN_SELF = YES;
				CLANG_WARN_OBJC_LITERAL_CONVERSION = YES;
				CLANG_WARN_OBJC_ROOT_CLASS = YES_ERROR;
				CLANG_WARN_QUOTED_INCLUDE_IN_FRAMEWORK_HEADER = YES;
				CLANG_WARN_RANGE_LOOP_ANALYSIS = YES;
				CLANG_WARN_STRICT_PROTOTYPES = YES;
				CLANG_WARN_SUSPICIOUS_MOVE = YES;
				CLANG_WARN_UNGUARDED_AVAILABILITY = YES_AGGRESSIVE;
				CLANG_WARN_UNREACHABLE_CODE = YES;
				CLANG_WARN__DUPLICATE_METHOD_MATCH = YES;
				COPY_PHASE_STRIP = NO;
				DEBUG_INFORMATION_FORMAT = "dwarf-with-dsym";
				ENABLE_NS_ASSERTIONS = NO;
				ENABLE_STRICT_OBJC_MSGSEND = YES;
				GCC_C_LANGUAGE_STANDARD = gnu11;
				GCC_NO_COMMON_BLOCKS = YES;
				GCC_WARN_64_TO_32_BIT_CONVERSION = YES;
				GCC_WARN_ABOUT_RETURN_TYPE = YES_ERROR;
				GCC_WARN_UNDECLARED_SELECTOR = YES;
				GCC_WARN_UNINITIALIZED_AUTOS = YES_AGGRESSIVE;
				GCC_WARN_UNUSED_FUNCTION = YES;
				GCC_WARN_UNUSED_VARIABLE = YES;
				IPHONEOS_DEPLOYMENT_TARGET = 15.0;
				MTL_ENABLE_DEBUG_INFO = NO;
				MTL_FAST_MATH = YES;
				SDKROOT = iphoneos;
				SWIFT_COMPILATION_MODE = wholemodule;
				SWIFT_OPTIMIZATION_LEVEL = "-O";
				VALIDATE_PRODUCT = YES;
			};
			name = Release;
		};
		227AF855274948DA00650089 /* Debug */ = {
			isa = XCBuildConfiguration;
			buildSettings = {
				ASSETCATALOG_COMPILER_APPICON_NAME = AppIcon;
				ASSETCATALOG_COMPILER_GLOBAL_ACCENT_COLOR_NAME = AccentColor;
				CODE_SIGN_STYLE = Automatic;
				CURRENT_PROJECT_VERSION = 1;
				DEVELOPMENT_ASSET_PATHS = "\"DJApp/Preview Content\"";
				ENABLE_PREVIEWS = YES;
				GENERATE_INFOPLIST_FILE = YES;
				INFOPLIST_KEY_UIApplicationSceneManifest_Generation = YES;
				INFOPLIST_KEY_UIApplicationSupportsIndirectInputEvents = YES;
				INFOPLIST_KEY_UILaunchScreen_Generation = YES;
				INFOPLIST_KEY_UISupportedInterfaceOrientations_iPad = "UIInterfaceOrientationPortrait UIInterfaceOrientationPortraitUpsideDown UIInterfaceOrientationLandscapeLeft UIInterfaceOrientationLandscapeRight";
				INFOPLIST_KEY_UISupportedInterfaceOrientations_iPhone = "UIInterfaceOrientationPortrait UIInterfaceOrientationLandscapeLeft UIInterfaceOrientationLandscapeRight";
				LD_RUNPATH_SEARCH_PATHS = (
					"$(inherited)",
					"@executable_path/Frameworks",
				);
				MARKETING_VERSION = 1.0;
				PRODUCT_BUNDLE_IDENTIFIER = com.ferner.DJApp;
				PRODUCT_NAME = "$(TARGET_NAME)";
				SWIFT_EMIT_LOC_STRINGS = YES;
				SWIFT_VERSION = 5.0;
				TARGETED_DEVICE_FAMILY = "1,2";
			};
			name = Debug;
		};
		227AF856274948DA00650089 /* Release */ = {
			isa = XCBuildConfiguration;
			buildSettings = {
				ASSETCATALOG_COMPILER_APPICON_NAME = AppIcon;
				ASSETCATALOG_COMPILER_GLOBAL_ACCENT_COLOR_NAME = AccentColor;
				CODE_SIGN_STYLE = Automatic;
				CURRENT_PROJECT_VERSION = 1;
				DEVELOPMENT_ASSET_PATHS = "\"DJApp/Preview Content\"";
				ENABLE_PREVIEWS = YES;
				GENERATE_INFOPLIST_FILE = YES;
				INFOPLIST_KEY_UIApplicationSceneManifest_Generation = YES;
				INFOPLIST_KEY_UIApplicationSupportsIndirectInputEvents = YES;
				INFOPLIST_KEY_UILaunchScreen_Generation = YES;
				INFOPLIST_KEY_UISupportedInterfaceOrientations_iPad = "UIInterfaceOrientationPortrait UIInterfaceOrientationPortraitUpsideDown UIInterfaceOrientationLandscapeLeft UIInterfaceOrientationLandscapeRight";
				INFOPLIST_KEY_UISupportedInterfaceOrientations_iPhone = "UIInterfaceOrientationPortrait UIInterfaceOrientationLandscapeLeft UIInterfaceOrientationLandscapeRight";
				LD_RUNPATH_SEARCH_PATHS = (
					"$(inherited)",
					"@executable_path/Frameworks",
				);
				MARKETING_VERSION = 1.0;
				PRODUCT_BUNDLE_IDENTIFIER = com.ferner.DJApp;
				PRODUCT_NAME = "$(TARGET_NAME)";
				SWIFT_EMIT_LOC_STRINGS = YES;
				SWIFT_VERSION = 5.0;
				TARGETED_DEVICE_FAMILY = "1,2";
			};
			name = Release;
		};
		227AF858274948DA00650089 /* Debug */ = {
			isa = XCBuildConfiguration;
			buildSettings = {
				ALWAYS_EMBED_SWIFT_STANDARD_LIBRARIES = YES;
				BUNDLE_LOADER = "$(TEST_HOST)";
				CODE_SIGN_STYLE = Automatic;
				CURRENT_PROJECT_VERSION = 1;
				GENERATE_INFOPLIST_FILE = YES;
				IPHONEOS_DEPLOYMENT_TARGET = 15.0;
				LD_RUNPATH_SEARCH_PATHS = (
					"$(inherited)",
					"@executable_path/Frameworks",
					"@loader_path/Frameworks",
				);
				MARKETING_VERSION = 1.0;
				PRODUCT_BUNDLE_IDENTIFIER = com.ferner.DJAppTests;
				PRODUCT_NAME = "$(TARGET_NAME)";
				SWIFT_EMIT_LOC_STRINGS = NO;
				SWIFT_VERSION = 5.0;
				TARGETED_DEVICE_FAMILY = "1,2";
				TEST_HOST = "$(BUILT_PRODUCTS_DIR)/DJApp.app/DJApp";
			};
			name = Debug;
		};
		227AF859274948DA00650089 /* Release */ = {
			isa = XCBuildConfiguration;
			buildSettings = {
				ALWAYS_EMBED_SWIFT_STANDARD_LIBRARIES = YES;
				BUNDLE_LOADER = "$(TEST_HOST)";
				CODE_SIGN_STYLE = Automatic;
				CURRENT_PROJECT_VERSION = 1;
				GENERATE_INFOPLIST_FILE = YES;
				IPHONEOS_DEPLOYMENT_TARGET = 15.0;
				LD_RUNPATH_SEARCH_PATHS = (
					"$(inherited)",
					"@executable_path/Frameworks",
					"@loader_path/Frameworks",
				);
				MARKETING_VERSION = 1.0;
				PRODUCT_BUNDLE_IDENTIFIER = com.ferner.DJAppTests;
				PRODUCT_NAME = "$(TARGET_NAME)";
				SWIFT_EMIT_LOC_STRINGS = NO;
				SWIFT_VERSION = 5.0;
				TARGETED_DEVICE_FAMILY = "1,2";
				TEST_HOST = "$(BUILT_PRODUCTS_DIR)/DJApp.app/DJApp";
			};
			name = Release;
		};
		227AF85B274948DA00650089 /* Debug */ = {
			isa = XCBuildConfiguration;
			buildSettings = {
				ALWAYS_EMBED_SWIFT_STANDARD_LIBRARIES = YES;
				CODE_SIGN_STYLE = Automatic;
				CURRENT_PROJECT_VERSION = 1;
				GENERATE_INFOPLIST_FILE = YES;
				LD_RUNPATH_SEARCH_PATHS = (
					"$(inherited)",
					"@executable_path/Frameworks",
					"@loader_path/Frameworks",
				);
				MARKETING_VERSION = 1.0;
				PRODUCT_BUNDLE_IDENTIFIER = com.ferner.DJAppUITests;
				PRODUCT_NAME = "$(TARGET_NAME)";
				SWIFT_EMIT_LOC_STRINGS = NO;
				SWIFT_VERSION = 5.0;
				TARGETED_DEVICE_FAMILY = "1,2";
				TEST_TARGET_NAME = DJApp;
			};
			name = Debug;
		};
		227AF85C274948DA00650089 /* Release */ = {
			isa = XCBuildConfiguration;
			buildSettings = {
				ALWAYS_EMBED_SWIFT_STANDARD_LIBRARIES = YES;
				CODE_SIGN_STYLE = Automatic;
				CURRENT_PROJECT_VERSION = 1;
				GENERATE_INFOPLIST_FILE = YES;
				LD_RUNPATH_SEARCH_PATHS = (
					"$(inherited)",
					"@executable_path/Frameworks",
					"@loader_path/Frameworks",
				);
				MARKETING_VERSION = 1.0;
				PRODUCT_BUNDLE_IDENTIFIER = com.ferner.DJAppUITests;
				PRODUCT_NAME = "$(TARGET_NAME)";
				SWIFT_EMIT_LOC_STRINGS = NO;
				SWIFT_VERSION = 5.0;
				TARGETED_DEVICE_FAMILY = "1,2";
				TEST_TARGET_NAME = DJApp;
			};
			name = Release;
		};
/* End XCBuildConfiguration section */

/* Begin XCConfigurationList section */
		227AF82B274948D700650089 /* Build configuration list for PBXProject "DJApp" */ = {
			isa = XCConfigurationList;
			buildConfigurations = (
				227AF852274948DA00650089 /* Debug */,
				227AF853274948DA00650089 /* Release */,
			);
			defaultConfigurationIsVisible = 0;
			defaultConfigurationName = Release;
		};
		227AF854274948DA00650089 /* Build configuration list for PBXNativeTarget "DJApp" */ = {
			isa = XCConfigurationList;
			buildConfigurations = (
				227AF855274948DA00650089 /* Debug */,
				227AF856274948DA00650089 /* Release */,
			);
			defaultConfigurationIsVisible = 0;
			defaultConfigurationName = Release;
		};
		227AF857274948DA00650089 /* Build configuration list for PBXNativeTarget "DJAppTests" */ = {
			isa = XCConfigurationList;
			buildConfigurations = (
				227AF858274948DA00650089 /* Debug */,
				227AF859274948DA00650089 /* Release */,
			);
			defaultConfigurationIsVisible = 0;
			defaultConfigurationName = Release;
		};
		227AF85A274948DA00650089 /* Build configuration list for PBXNativeTarget "DJAppUITests" */ = {
			isa = XCConfigurationList;
			buildConfigurations = (
				227AF85B274948DA00650089 /* Debug */,
				227AF85C274948DA00650089 /* Release */,
			);
			defaultConfigurationIsVisible = 0;
			defaultConfigurationName = Release;
		};
/* End XCConfigurationList section */
	};
	rootObject = 227AF828274948D700650089 /* Project object */;
}
